// !$*UTF8*$!
{
	archiveVersion = 1;
	classes = {
	};
	objectVersion = 56;
	objects = {

/* Begin PBXBuildFile section */
		4E10F4832B80C3A300A74F3F /* KakaoMapVCWrapper.swift in Sources */ = {isa = PBXBuildFile; fileRef = 4E10F4812B80C3A300A74F3F /* KakaoMapVCWrapper.swift */; };
		4E10F4842B80C3A300A74F3F /* MapView.swift in Sources */ = {isa = PBXBuildFile; fileRef = 4E10F4822B80C3A300A74F3F /* MapView.swift */; };
		4E1540692B80F12B003AAEA1 /* LocationManager.swift in Sources */ = {isa = PBXBuildFile; fileRef = 4E1540682B80F12B003AAEA1 /* LocationManager.swift */; };
		4E10F4932B80E68600A74F3F /* MakeRoomView.swift in Sources */ = {isa = PBXBuildFile; fileRef = 4E10F4912B80E68600A74F3F /* MakeRoomView.swift */; };
		4E262DAE2B7B7F9200439AF9 /* ChatViewModel.swift in Sources */ = {isa = PBXBuildFile; fileRef = 4E262DAD2B7B7F9200439AF9 /* ChatViewModel.swift */; };
		4E262DB02B7CCA4200439AF9 /* RoomEnterView.swift in Sources */ = {isa = PBXBuildFile; fileRef = 4E262DAF2B7CCA4200439AF9 /* RoomEnterView.swift */; };
		4E6A10012B750B7E00DDF754 /* babbleApp.swift in Sources */ = {isa = PBXBuildFile; fileRef = 4E6A10002B750B7E00DDF754 /* babbleApp.swift */; };
		4E6A10052B750B7E00DDF754 /* Assets.xcassets in Resources */ = {isa = PBXBuildFile; fileRef = 4E6A10042B750B7E00DDF754 /* Assets.xcassets */; };
		4E6A10092B750B7E00DDF754 /* Preview Assets.xcassets in Resources */ = {isa = PBXBuildFile; fileRef = 4E6A10082B750B7E00DDF754 /* Preview Assets.xcassets */; };
		4E6A10132B750B7E00DDF754 /* babbleTests.swift in Sources */ = {isa = PBXBuildFile; fileRef = 4E6A10122B750B7E00DDF754 /* babbleTests.swift */; };
		4E6A101D2B750B7E00DDF754 /* babbleUITests.swift in Sources */ = {isa = PBXBuildFile; fileRef = 4E6A101C2B750B7E00DDF754 /* babbleUITests.swift */; };
		4E6A101F2B750B7E00DDF754 /* babbleUITestsLaunchTests.swift in Sources */ = {isa = PBXBuildFile; fileRef = 4E6A101E2B750B7E00DDF754 /* babbleUITestsLaunchTests.swift */; };
		4EB153022B774739007D1E4C /* Network.swift in Sources */ = {isa = PBXBuildFile; fileRef = 4EB153012B774739007D1E4C /* Network.swift */; };
		4EB153042B77491A007D1E4C /* LoginView.swift in Sources */ = {isa = PBXBuildFile; fileRef = 4EB153032B77491A007D1E4C /* LoginView.swift */; };
		4EB153062B774F13007D1E4C /* ContentView.swift in Sources */ = {isa = PBXBuildFile; fileRef = 4EB153052B774F13007D1E4C /* ContentView.swift */; };
		4EB4E6582B7B481C008408FD /* JWTInterceptor.swift in Sources */ = {isa = PBXBuildFile; fileRef = 4EB4E6572B7B481C008408FD /* JWTInterceptor.swift */; };
		4EB4E65A2B7B4E70008408FD /* ChatroomsViewModel.swift in Sources */ = {isa = PBXBuildFile; fileRef = 4EB4E6592B7B4E70008408FD /* ChatroomsViewModel.swift */; };
		4EE859822B762FAC00358B5C /* ChatView.swift in Sources */ = {isa = PBXBuildFile; fileRef = 4EE859812B762FAC00358B5C /* ChatView.swift */; };
		4EE859842B7653BC00358B5C /* HeaderView.swift in Sources */ = {isa = PBXBuildFile; fileRef = 4EE859832B7653BC00358B5C /* HeaderView.swift */; };
		4EF037FF2B7B9DC600063429 /* KakaoMapAPIBaseVC.swift in Sources */ = {isa = PBXBuildFile; fileRef = 4EF037FD2B7B9DC600063429 /* KakaoMapAPIBaseVC.swift */; };
		4EF038002B7B9DC600063429 /* KakaoMapVC.swift in Sources */ = {isa = PBXBuildFile; fileRef = 4EF037FE2B7B9DC600063429 /* KakaoMapVC.swift */; };
		7C61B4699D00E9E86428E59B /* Pods_babble.framework in Frameworks */ = {isa = PBXBuildFile; fileRef = BC562E765346CA4D3256DECC /* Pods_babble.framework */; };
/* End PBXBuildFile section */

/* Begin PBXContainerItemProxy section */
		4E6A100F2B750B7E00DDF754 /* PBXContainerItemProxy */ = {
			isa = PBXContainerItemProxy;
			containerPortal = 4E6A0FF52B750B7D00DDF754 /* Project object */;
			proxyType = 1;
			remoteGlobalIDString = 4E6A0FFC2B750B7D00DDF754;
			remoteInfo = babble;
		};
		4E6A10192B750B7E00DDF754 /* PBXContainerItemProxy */ = {
			isa = PBXContainerItemProxy;
			containerPortal = 4E6A0FF52B750B7D00DDF754 /* Project object */;
			proxyType = 1;
			remoteGlobalIDString = 4E6A0FFC2B750B7D00DDF754;
			remoteInfo = babble;
		};
/* End PBXContainerItemProxy section */

/* Begin PBXFileReference section */
		0B7F1FD0997F95AE49F8D450 /* Pods-babble.debug.xcconfig */ = {isa = PBXFileReference; includeInIndex = 1; lastKnownFileType = text.xcconfig; name = "Pods-babble.debug.xcconfig"; path = "Target Support Files/Pods-babble/Pods-babble.debug.xcconfig"; sourceTree = "<group>"; };
		0EE07D0D0B7DEF47B63C1CEF /* Pods-babble.release.xcconfig */ = {isa = PBXFileReference; includeInIndex = 1; lastKnownFileType = text.xcconfig; name = "Pods-babble.release.xcconfig"; path = "Target Support Files/Pods-babble/Pods-babble.release.xcconfig"; sourceTree = "<group>"; };
		4E10F4812B80C3A300A74F3F /* KakaoMapVCWrapper.swift */ = {isa = PBXFileReference; fileEncoding = 4; lastKnownFileType = sourcecode.swift; path = KakaoMapVCWrapper.swift; sourceTree = "<group>"; };
		4E10F4822B80C3A300A74F3F /* MapView.swift */ = {isa = PBXFileReference; fileEncoding = 4; lastKnownFileType = sourcecode.swift; path = MapView.swift; sourceTree = "<group>"; };
		4E1540682B80F12B003AAEA1 /* LocationManager.swift */ = {isa = PBXFileReference; lastKnownFileType = sourcecode.swift; path = LocationManager.swift; sourceTree = "<group>"; };
		4E10F4912B80E68600A74F3F /* MakeRoomView.swift */ = {isa = PBXFileReference; fileEncoding = 4; lastKnownFileType = sourcecode.swift; path = MakeRoomView.swift; sourceTree = "<group>"; };
		4E262DAD2B7B7F9200439AF9 /* ChatViewModel.swift */ = {isa = PBXFileReference; lastKnownFileType = sourcecode.swift; path = ChatViewModel.swift; sourceTree = "<group>"; };
		4E262DAF2B7CCA4200439AF9 /* RoomEnterView.swift */ = {isa = PBXFileReference; lastKnownFileType = sourcecode.swift; path = RoomEnterView.swift; sourceTree = "<group>"; };
		4E6A0FFD2B750B7D00DDF754 /* babble.app */ = {isa = PBXFileReference; explicitFileType = wrapper.application; includeInIndex = 0; path = babble.app; sourceTree = BUILT_PRODUCTS_DIR; };
		4E6A10002B750B7E00DDF754 /* babbleApp.swift */ = {isa = PBXFileReference; lastKnownFileType = sourcecode.swift; path = babbleApp.swift; sourceTree = "<group>"; };
		4E6A10042B750B7E00DDF754 /* Assets.xcassets */ = {isa = PBXFileReference; lastKnownFileType = folder.assetcatalog; path = Assets.xcassets; sourceTree = "<group>"; };
		4E6A10062B750B7E00DDF754 /* babble.entitlements */ = {isa = PBXFileReference; lastKnownFileType = text.plist.entitlements; path = babble.entitlements; sourceTree = "<group>"; };
		4E6A10082B750B7E00DDF754 /* Preview Assets.xcassets */ = {isa = PBXFileReference; lastKnownFileType = folder.assetcatalog; path = "Preview Assets.xcassets"; sourceTree = "<group>"; };
		4E6A100E2B750B7E00DDF754 /* babbleTests.xctest */ = {isa = PBXFileReference; explicitFileType = wrapper.cfbundle; includeInIndex = 0; path = babbleTests.xctest; sourceTree = BUILT_PRODUCTS_DIR; };
		4E6A10122B750B7E00DDF754 /* babbleTests.swift */ = {isa = PBXFileReference; lastKnownFileType = sourcecode.swift; path = babbleTests.swift; sourceTree = "<group>"; };
		4E6A10182B750B7E00DDF754 /* babbleUITests.xctest */ = {isa = PBXFileReference; explicitFileType = wrapper.cfbundle; includeInIndex = 0; path = babbleUITests.xctest; sourceTree = BUILT_PRODUCTS_DIR; };
		4E6A101C2B750B7E00DDF754 /* babbleUITests.swift */ = {isa = PBXFileReference; lastKnownFileType = sourcecode.swift; path = babbleUITests.swift; sourceTree = "<group>"; };
		4E6A101E2B750B7E00DDF754 /* babbleUITestsLaunchTests.swift */ = {isa = PBXFileReference; lastKnownFileType = sourcecode.swift; path = babbleUITestsLaunchTests.swift; sourceTree = "<group>"; };
		4EA56B7D2B761A2B00F445F9 /* Info.plist */ = {isa = PBXFileReference; lastKnownFileType = text.plist; path = Info.plist; sourceTree = "<group>"; };
		4EB153002B773A18007D1E4C /* Secrets.xcconfig */ = {isa = PBXFileReference; lastKnownFileType = text.xcconfig; path = Secrets.xcconfig; sourceTree = "<group>"; };
		4EB153012B774739007D1E4C /* Network.swift */ = {isa = PBXFileReference; lastKnownFileType = sourcecode.swift; path = Network.swift; sourceTree = "<group>"; };
		4EB153032B77491A007D1E4C /* LoginView.swift */ = {isa = PBXFileReference; lastKnownFileType = sourcecode.swift; path = LoginView.swift; sourceTree = "<group>"; };
		4EB153052B774F13007D1E4C /* ContentView.swift */ = {isa = PBXFileReference; lastKnownFileType = sourcecode.swift; path = ContentView.swift; sourceTree = "<group>"; };
		4EB4E6572B7B481C008408FD /* JWTInterceptor.swift */ = {isa = PBXFileReference; lastKnownFileType = sourcecode.swift; path = JWTInterceptor.swift; sourceTree = "<group>"; };
		4EB4E6592B7B4E70008408FD /* ChatroomsViewModel.swift */ = {isa = PBXFileReference; lastKnownFileType = sourcecode.swift; path = ChatroomsViewModel.swift; sourceTree = "<group>"; };
		4EE859812B762FAC00358B5C /* ChatView.swift */ = {isa = PBXFileReference; lastKnownFileType = sourcecode.swift; path = ChatView.swift; sourceTree = "<group>"; };
		4EE859832B7653BC00358B5C /* HeaderView.swift */ = {isa = PBXFileReference; lastKnownFileType = sourcecode.swift; path = HeaderView.swift; sourceTree = "<group>"; };
		4EF037FD2B7B9DC600063429 /* KakaoMapAPIBaseVC.swift */ = {isa = PBXFileReference; fileEncoding = 4; lastKnownFileType = sourcecode.swift; path = KakaoMapAPIBaseVC.swift; sourceTree = "<group>"; };
		4EF037FE2B7B9DC600063429 /* KakaoMapVC.swift */ = {isa = PBXFileReference; fileEncoding = 4; lastKnownFileType = sourcecode.swift; path = KakaoMapVC.swift; sourceTree = "<group>"; };
		BC562E765346CA4D3256DECC /* Pods_babble.framework */ = {isa = PBXFileReference; explicitFileType = wrapper.framework; includeInIndex = 0; path = Pods_babble.framework; sourceTree = BUILT_PRODUCTS_DIR; };
/* End PBXFileReference section */

/* Begin PBXFrameworksBuildPhase section */
		4E6A0FFA2B750B7D00DDF754 /* Frameworks */ = {
			isa = PBXFrameworksBuildPhase;
			buildActionMask = 2147483647;
			files = (
				7C61B4699D00E9E86428E59B /* Pods_babble.framework in Frameworks */,
			);
			runOnlyForDeploymentPostprocessing = 0;
		};
		4E6A100B2B750B7E00DDF754 /* Frameworks */ = {
			isa = PBXFrameworksBuildPhase;
			buildActionMask = 2147483647;
			files = (
			);
			runOnlyForDeploymentPostprocessing = 0;
		};
		4E6A10152B750B7E00DDF754 /* Frameworks */ = {
			isa = PBXFrameworksBuildPhase;
			buildActionMask = 2147483647;
			files = (
			);
			runOnlyForDeploymentPostprocessing = 0;
		};
/* End PBXFrameworksBuildPhase section */

/* Begin PBXGroup section */
		2F95D7873B2D2BBEFED00D23 /* Frameworks */ = {
			isa = PBXGroup;
			children = (
				BC562E765346CA4D3256DECC /* Pods_babble.framework */,
			);
			name = Frameworks;
			sourceTree = "<group>";
		};
		4E10F4802B80C16F00A74F3F /* Map */ = {
			isa = PBXGroup;
			children = (
				4E10F4812B80C3A300A74F3F /* KakaoMapVCWrapper.swift */,
				4E10F4822B80C3A300A74F3F /* MapView.swift */,
				4EF037FD2B7B9DC600063429 /* KakaoMapAPIBaseVC.swift */,
				4EF037FE2B7B9DC600063429 /* KakaoMapVC.swift */,
			);
			path = Map;
			sourceTree = "<group>";
		};
		4E6A0FF42B750B7D00DDF754 = {
			isa = PBXGroup;
			children = (
				4E6A0FFF2B750B7D00DDF754 /* babble */,
				4E6A10112B750B7E00DDF754 /* babbleTests */,
				4E6A101B2B750B7E00DDF754 /* babbleUITests */,
				4E6A0FFE2B750B7D00DDF754 /* Products */,
				A55CD1BD4C9211AA86B16C6C /* Pods */,
				2F95D7873B2D2BBEFED00D23 /* Frameworks */,
			);
			sourceTree = "<group>";
		};
		4E6A0FFE2B750B7D00DDF754 /* Products */ = {
			isa = PBXGroup;
			children = (
				4E6A0FFD2B750B7D00DDF754 /* babble.app */,
				4E6A100E2B750B7E00DDF754 /* babbleTests.xctest */,
				4E6A10182B750B7E00DDF754 /* babbleUITests.xctest */,
			);
			name = Products;
			sourceTree = "<group>";
		};
		4E6A0FFF2B750B7D00DDF754 /* babble */ = {
			isa = PBXGroup;
			children = (
				4EE859802B762F9400358B5C /* chat */,
				4EA56B7D2B761A2B00F445F9 /* Info.plist */,
				4E6A10002B750B7E00DDF754 /* babbleApp.swift */,
				4EB153052B774F13007D1E4C /* ContentView.swift */,
				4E10F4802B80C16F00A74F3F /* Map */,
				4EB153012B774739007D1E4C /* Network.swift */,
				4EB4E6592B7B4E70008408FD /* ChatroomsViewModel.swift */,
				4EB4E6572B7B481C008408FD /* JWTInterceptor.swift */,
				4EB153032B77491A007D1E4C /* LoginView.swift */,
				4EB153002B773A18007D1E4C /* Secrets.xcconfig */,
				4E6A10042B750B7E00DDF754 /* Assets.xcassets */,
				4E6A10062B750B7E00DDF754 /* babble.entitlements */,
				4E6A10072B750B7E00DDF754 /* Preview Content */,
			);
			path = babble;
			sourceTree = "<group>";
		};
		4E6A10072B750B7E00DDF754 /* Preview Content */ = {
			isa = PBXGroup;
			children = (
				4E6A10082B750B7E00DDF754 /* Preview Assets.xcassets */,
			);
			path = "Preview Content";
			sourceTree = "<group>";
		};
		4E6A10112B750B7E00DDF754 /* babbleTests */ = {
			isa = PBXGroup;
			children = (
				4E6A10122B750B7E00DDF754 /* babbleTests.swift */,
			);
			path = babbleTests;
			sourceTree = "<group>";
		};
		4E6A101B2B750B7E00DDF754 /* babbleUITests */ = {
			isa = PBXGroup;
			children = (
				4E6A101C2B750B7E00DDF754 /* babbleUITests.swift */,
				4E6A101E2B750B7E00DDF754 /* babbleUITestsLaunchTests.swift */,
			);
			path = babbleUITests;
			sourceTree = "<group>";
		};
		4EE859802B762F9400358B5C /* chat */ = {
			isa = PBXGroup;
			children = (
				4E10F4912B80E68600A74F3F /* MakeRoomView.swift */,
				4EE859812B762FAC00358B5C /* ChatView.swift */,
				4EE859832B7653BC00358B5C /* HeaderView.swift */,
				4E262DAD2B7B7F9200439AF9 /* ChatViewModel.swift */,
				4E262DAF2B7CCA4200439AF9 /* RoomEnterView.swift */,
				4E1540682B80F12B003AAEA1 /* LocationManager.swift */,
			);
			path = chat;
			sourceTree = "<group>";
		};
		A55CD1BD4C9211AA86B16C6C /* Pods */ = {
			isa = PBXGroup;
			children = (
				0B7F1FD0997F95AE49F8D450 /* Pods-babble.debug.xcconfig */,
				0EE07D0D0B7DEF47B63C1CEF /* Pods-babble.release.xcconfig */,
			);
			path = Pods;
			sourceTree = "<group>";
		};
/* End PBXGroup section */

/* Begin PBXNativeTarget section */
		4E6A0FFC2B750B7D00DDF754 /* babble */ = {
			isa = PBXNativeTarget;
			buildConfigurationList = 4E6A10222B750B7E00DDF754 /* Build configuration list for PBXNativeTarget "babble" */;
			buildPhases = (
				5BF2CC44948487EB49E1FD55 /* [CP] Check Pods Manifest.lock */,
				4E6A0FF92B750B7D00DDF754 /* Sources */,
				4E6A0FFA2B750B7D00DDF754 /* Frameworks */,
				4E6A0FFB2B750B7D00DDF754 /* Resources */,
				FE6BFEE1C51243532A932DCC /* [CP] Embed Pods Frameworks */,
				413021930D29075C6FAE9D27 /* [CP] Copy Pods Resources */,
			);
			buildRules = (
			);
			dependencies = (
			);
			name = babble;
			productName = babble;
			productReference = 4E6A0FFD2B750B7D00DDF754 /* babble.app */;
			productType = "com.apple.product-type.application";
		};
		4E6A100D2B750B7E00DDF754 /* babbleTests */ = {
			isa = PBXNativeTarget;
			buildConfigurationList = 4E6A10252B750B7E00DDF754 /* Build configuration list for PBXNativeTarget "babbleTests" */;
			buildPhases = (
				4E6A100A2B750B7E00DDF754 /* Sources */,
				4E6A100B2B750B7E00DDF754 /* Frameworks */,
				4E6A100C2B750B7E00DDF754 /* Resources */,
			);
			buildRules = (
			);
			dependencies = (
				4E6A10102B750B7E00DDF754 /* PBXTargetDependency */,
			);
			name = babbleTests;
			productName = babbleTests;
			productReference = 4E6A100E2B750B7E00DDF754 /* babbleTests.xctest */;
			productType = "com.apple.product-type.bundle.unit-test";
		};
		4E6A10172B750B7E00DDF754 /* babbleUITests */ = {
			isa = PBXNativeTarget;
			buildConfigurationList = 4E6A10282B750B7E00DDF754 /* Build configuration list for PBXNativeTarget "babbleUITests" */;
			buildPhases = (
				4E6A10142B750B7E00DDF754 /* Sources */,
				4E6A10152B750B7E00DDF754 /* Frameworks */,
				4E6A10162B750B7E00DDF754 /* Resources */,
			);
			buildRules = (
			);
			dependencies = (
				4E6A101A2B750B7E00DDF754 /* PBXTargetDependency */,
			);
			name = babbleUITests;
			productName = babbleUITests;
			productReference = 4E6A10182B750B7E00DDF754 /* babbleUITests.xctest */;
			productType = "com.apple.product-type.bundle.ui-testing";
		};
/* End PBXNativeTarget section */

/* Begin PBXProject section */
		4E6A0FF52B750B7D00DDF754 /* Project object */ = {
			isa = PBXProject;
			attributes = {
				BuildIndependentTargetsInParallel = 1;
				LastSwiftUpdateCheck = 1430;
				LastUpgradeCheck = 1430;
				TargetAttributes = {
					4E6A0FFC2B750B7D00DDF754 = {
						CreatedOnToolsVersion = 14.3.1;
					};
					4E6A100D2B750B7E00DDF754 = {
						CreatedOnToolsVersion = 14.3.1;
						TestTargetID = 4E6A0FFC2B750B7D00DDF754;
					};
					4E6A10172B750B7E00DDF754 = {
						CreatedOnToolsVersion = 14.3.1;
						TestTargetID = 4E6A0FFC2B750B7D00DDF754;
					};
				};
			};
			buildConfigurationList = 4E6A0FF82B750B7D00DDF754 /* Build configuration list for PBXProject "babble" */;
			compatibilityVersion = "Xcode 14.0";
			developmentRegion = en;
			hasScannedForEncodings = 0;
			knownRegions = (
				en,
				Base,
			);
			mainGroup = 4E6A0FF42B750B7D00DDF754;
			productRefGroup = 4E6A0FFE2B750B7D00DDF754 /* Products */;
			projectDirPath = "";
			projectRoot = "";
			targets = (
				4E6A0FFC2B750B7D00DDF754 /* babble */,
				4E6A100D2B750B7E00DDF754 /* babbleTests */,
				4E6A10172B750B7E00DDF754 /* babbleUITests */,
			);
		};
/* End PBXProject section */

/* Begin PBXResourcesBuildPhase section */
		4E6A0FFB2B750B7D00DDF754 /* Resources */ = {
			isa = PBXResourcesBuildPhase;
			buildActionMask = 2147483647;
			files = (
				4E6A10092B750B7E00DDF754 /* Preview Assets.xcassets in Resources */,
				4E6A10052B750B7E00DDF754 /* Assets.xcassets in Resources */,
			);
			runOnlyForDeploymentPostprocessing = 0;
		};
		4E6A100C2B750B7E00DDF754 /* Resources */ = {
			isa = PBXResourcesBuildPhase;
			buildActionMask = 2147483647;
			files = (
			);
			runOnlyForDeploymentPostprocessing = 0;
		};
		4E6A10162B750B7E00DDF754 /* Resources */ = {
			isa = PBXResourcesBuildPhase;
			buildActionMask = 2147483647;
			files = (
			);
			runOnlyForDeploymentPostprocessing = 0;
		};
/* End PBXResourcesBuildPhase section */

/* Begin PBXShellScriptBuildPhase section */
		413021930D29075C6FAE9D27 /* [CP] Copy Pods Resources */ = {
			isa = PBXShellScriptBuildPhase;
			buildActionMask = 2147483647;
			files = (
			);
			inputFileListPaths = (
				"${PODS_ROOT}/Target Support Files/Pods-babble/Pods-babble-resources-${CONFIGURATION}-input-files.xcfilelist",
			);
			name = "[CP] Copy Pods Resources";
			outputFileListPaths = (
				"${PODS_ROOT}/Target Support Files/Pods-babble/Pods-babble-resources-${CONFIGURATION}-output-files.xcfilelist",
			);
			runOnlyForDeploymentPostprocessing = 0;
			shellPath = /bin/sh;
			shellScript = "\"${PODS_ROOT}/Target Support Files/Pods-babble/Pods-babble-resources.sh\"\n";
			showEnvVarsInLog = 0;
		};
		5BF2CC44948487EB49E1FD55 /* [CP] Check Pods Manifest.lock */ = {
			isa = PBXShellScriptBuildPhase;
			buildActionMask = 2147483647;
			files = (
			);
			inputFileListPaths = (
			);
			inputPaths = (
				"${PODS_PODFILE_DIR_PATH}/Podfile.lock",
				"${PODS_ROOT}/Manifest.lock",
			);
			name = "[CP] Check Pods Manifest.lock";
			outputFileListPaths = (
			);
			outputPaths = (
				"$(DERIVED_FILE_DIR)/Pods-babble-checkManifestLockResult.txt",
			);
			runOnlyForDeploymentPostprocessing = 0;
			shellPath = /bin/sh;
			shellScript = "diff \"${PODS_PODFILE_DIR_PATH}/Podfile.lock\" \"${PODS_ROOT}/Manifest.lock\" > /dev/null\nif [ $? != 0 ] ; then\n    # print error to STDERR\n    echo \"error: The sandbox is not in sync with the Podfile.lock. Run 'pod install' or update your CocoaPods installation.\" >&2\n    exit 1\nfi\n# This output is used by Xcode 'outputs' to avoid re-running this script phase.\necho \"SUCCESS\" > \"${SCRIPT_OUTPUT_FILE_0}\"\n";
			showEnvVarsInLog = 0;
		};
		FE6BFEE1C51243532A932DCC /* [CP] Embed Pods Frameworks */ = {
			isa = PBXShellScriptBuildPhase;
			buildActionMask = 2147483647;
			files = (
			);
			inputFileListPaths = (
				"${PODS_ROOT}/Target Support Files/Pods-babble/Pods-babble-frameworks-${CONFIGURATION}-input-files.xcfilelist",
			);
			name = "[CP] Embed Pods Frameworks";
			outputFileListPaths = (
				"${PODS_ROOT}/Target Support Files/Pods-babble/Pods-babble-frameworks-${CONFIGURATION}-output-files.xcfilelist",
			);
			runOnlyForDeploymentPostprocessing = 0;
			shellPath = /bin/sh;
			shellScript = "\"${PODS_ROOT}/Target Support Files/Pods-babble/Pods-babble-frameworks.sh\"\n";
			showEnvVarsInLog = 0;
		};
/* End PBXShellScriptBuildPhase section */

/* Begin PBXSourcesBuildPhase section */
		4E6A0FF92B750B7D00DDF754 /* Sources */ = {
			isa = PBXSourcesBuildPhase;
			buildActionMask = 2147483647;
			files = (
				4EE859822B762FAC00358B5C /* ChatView.swift in Sources */,
				4E10F4832B80C3A300A74F3F /* KakaoMapVCWrapper.swift in Sources */,
				4E1540692B80F12B003AAEA1 /* LocationManager.swift in Sources */,
				4E6A10012B750B7E00DDF754 /* babbleApp.swift in Sources */,
				4EF038002B7B9DC600063429 /* KakaoMapVC.swift in Sources */,
				4EE859842B7653BC00358B5C /* HeaderView.swift in Sources */,
				4EB153042B77491A007D1E4C /* LoginView.swift in Sources */,
				4E262DB02B7CCA4200439AF9 /* RoomEnterView.swift in Sources */,
				4E10F4842B80C3A300A74F3F /* MapView.swift in Sources */,
				4E10F4932B80E68600A74F3F /* MakeRoomView.swift in Sources */,
				4EB4E6582B7B481C008408FD /* JWTInterceptor.swift in Sources */,
				4EF037FF2B7B9DC600063429 /* KakaoMapAPIBaseVC.swift in Sources */,
				4EB4E65A2B7B4E70008408FD /* ChatroomsViewModel.swift in Sources */,
				4EB153022B774739007D1E4C /* Network.swift in Sources */,
				4E262DAE2B7B7F9200439AF9 /* ChatViewModel.swift in Sources */,
				4EB153062B774F13007D1E4C /* ContentView.swift in Sources */
			);
			runOnlyForDeploymentPostprocessing = 0;
		};
		4E6A100A2B750B7E00DDF754 /* Sources */ = {
			isa = PBXSourcesBuildPhase;
			buildActionMask = 2147483647;
			files = (
				4E6A10132B750B7E00DDF754 /* babbleTests.swift in Sources */,
			);
			runOnlyForDeploymentPostprocessing = 0;
		};
		4E6A10142B750B7E00DDF754 /* Sources */ = {
			isa = PBXSourcesBuildPhase;
			buildActionMask = 2147483647;
			files = (
				4E6A101F2B750B7E00DDF754 /* babbleUITestsLaunchTests.swift in Sources */,
				4E6A101D2B750B7E00DDF754 /* babbleUITests.swift in Sources */,
			);
			runOnlyForDeploymentPostprocessing = 0;
		};
/* End PBXSourcesBuildPhase section */

/* Begin PBXTargetDependency section */
		4E6A10102B750B7E00DDF754 /* PBXTargetDependency */ = {
			isa = PBXTargetDependency;
			target = 4E6A0FFC2B750B7D00DDF754 /* babble */;
			targetProxy = 4E6A100F2B750B7E00DDF754 /* PBXContainerItemProxy */;
		};
		4E6A101A2B750B7E00DDF754 /* PBXTargetDependency */ = {
			isa = PBXTargetDependency;
			target = 4E6A0FFC2B750B7D00DDF754 /* babble */;
			targetProxy = 4E6A10192B750B7E00DDF754 /* PBXContainerItemProxy */;
		};
/* End PBXTargetDependency section */

/* Begin XCBuildConfiguration section */
		4E6A10202B750B7E00DDF754 /* Debug */ = {
			isa = XCBuildConfiguration;
			baseConfigurationReference = 4EB153002B773A18007D1E4C /* Secrets.xcconfig */;
			buildSettings = {
				ALWAYS_SEARCH_USER_PATHS = NO;
				CLANG_ANALYZER_NONNULL = YES;
				CLANG_ANALYZER_NUMBER_OBJECT_CONVERSION = YES_AGGRESSIVE;
				CLANG_CXX_LANGUAGE_STANDARD = "gnu++20";
				CLANG_ENABLE_MODULES = YES;
				CLANG_ENABLE_OBJC_ARC = YES;
				CLANG_ENABLE_OBJC_WEAK = YES;
				CLANG_WARN_BLOCK_CAPTURE_AUTORELEASING = YES;
				CLANG_WARN_BOOL_CONVERSION = YES;
				CLANG_WARN_COMMA = YES;
				CLANG_WARN_CONSTANT_CONVERSION = YES;
				CLANG_WARN_DEPRECATED_OBJC_IMPLEMENTATIONS = YES;
				CLANG_WARN_DIRECT_OBJC_ISA_USAGE = YES_ERROR;
				CLANG_WARN_DOCUMENTATION_COMMENTS = YES;
				CLANG_WARN_EMPTY_BODY = YES;
				CLANG_WARN_ENUM_CONVERSION = YES;
				CLANG_WARN_INFINITE_RECURSION = YES;
				CLANG_WARN_INT_CONVERSION = YES;
				CLANG_WARN_NON_LITERAL_NULL_CONVERSION = YES;
				CLANG_WARN_OBJC_IMPLICIT_RETAIN_SELF = YES;
				CLANG_WARN_OBJC_LITERAL_CONVERSION = YES;
				CLANG_WARN_OBJC_ROOT_CLASS = YES_ERROR;
				CLANG_WARN_QUOTED_INCLUDE_IN_FRAMEWORK_HEADER = YES;
				CLANG_WARN_RANGE_LOOP_ANALYSIS = YES;
				CLANG_WARN_STRICT_PROTOTYPES = YES;
				CLANG_WARN_SUSPICIOUS_MOVE = YES;
				CLANG_WARN_UNGUARDED_AVAILABILITY = YES_AGGRESSIVE;
				CLANG_WARN_UNREACHABLE_CODE = YES;
				CLANG_WARN__DUPLICATE_METHOD_MATCH = YES;
				COPY_PHASE_STRIP = NO;
				DEBUG_INFORMATION_FORMAT = dwarf;
				ENABLE_STRICT_OBJC_MSGSEND = YES;
				ENABLE_TESTABILITY = YES;
				GCC_C_LANGUAGE_STANDARD = gnu11;
				GCC_DYNAMIC_NO_PIC = NO;
				GCC_NO_COMMON_BLOCKS = YES;
				GCC_OPTIMIZATION_LEVEL = 0;
				GCC_PREPROCESSOR_DEFINITIONS = (
					"DEBUG=1",
					"$(inherited)",
				);
				GCC_WARN_64_TO_32_BIT_CONVERSION = YES;
				GCC_WARN_ABOUT_RETURN_TYPE = YES_ERROR;
				GCC_WARN_UNDECLARED_SELECTOR = YES;
				GCC_WARN_UNINITIALIZED_AUTOS = YES_AGGRESSIVE;
				GCC_WARN_UNUSED_FUNCTION = YES;
				GCC_WARN_UNUSED_VARIABLE = YES;
				MTL_ENABLE_DEBUG_INFO = INCLUDE_SOURCE;
				MTL_FAST_MATH = YES;
				ONLY_ACTIVE_ARCH = YES;
				PRODUCT_BUNDLE_IDENTIFIER = com.wafflestudio.babble;
				SDKROOT = iphoneos;
				SWIFT_ACTIVE_COMPILATION_CONDITIONS = DEBUG;
				SWIFT_OPTIMIZATION_LEVEL = "-Onone";
			};
			name = Debug;
		};
		4E6A10212B750B7E00DDF754 /* Release */ = {
			isa = XCBuildConfiguration;
			baseConfigurationReference = 4EB153002B773A18007D1E4C /* Secrets.xcconfig */;
			buildSettings = {
				ALWAYS_SEARCH_USER_PATHS = NO;
				CLANG_ANALYZER_NONNULL = YES;
				CLANG_ANALYZER_NUMBER_OBJECT_CONVERSION = YES_AGGRESSIVE;
				CLANG_CXX_LANGUAGE_STANDARD = "gnu++20";
				CLANG_ENABLE_MODULES = YES;
				CLANG_ENABLE_OBJC_ARC = YES;
				CLANG_ENABLE_OBJC_WEAK = YES;
				CLANG_WARN_BLOCK_CAPTURE_AUTORELEASING = YES;
				CLANG_WARN_BOOL_CONVERSION = YES;
				CLANG_WARN_COMMA = YES;
				CLANG_WARN_CONSTANT_CONVERSION = YES;
				CLANG_WARN_DEPRECATED_OBJC_IMPLEMENTATIONS = YES;
				CLANG_WARN_DIRECT_OBJC_ISA_USAGE = YES_ERROR;
				CLANG_WARN_DOCUMENTATION_COMMENTS = YES;
				CLANG_WARN_EMPTY_BODY = YES;
				CLANG_WARN_ENUM_CONVERSION = YES;
				CLANG_WARN_INFINITE_RECURSION = YES;
				CLANG_WARN_INT_CONVERSION = YES;
				CLANG_WARN_NON_LITERAL_NULL_CONVERSION = YES;
				CLANG_WARN_OBJC_IMPLICIT_RETAIN_SELF = YES;
				CLANG_WARN_OBJC_LITERAL_CONVERSION = YES;
				CLANG_WARN_OBJC_ROOT_CLASS = YES_ERROR;
				CLANG_WARN_QUOTED_INCLUDE_IN_FRAMEWORK_HEADER = YES;
				CLANG_WARN_RANGE_LOOP_ANALYSIS = YES;
				CLANG_WARN_STRICT_PROTOTYPES = YES;
				CLANG_WARN_SUSPICIOUS_MOVE = YES;
				CLANG_WARN_UNGUARDED_AVAILABILITY = YES_AGGRESSIVE;
				CLANG_WARN_UNREACHABLE_CODE = YES;
				CLANG_WARN__DUPLICATE_METHOD_MATCH = YES;
				COPY_PHASE_STRIP = NO;
				DEBUG_INFORMATION_FORMAT = "dwarf-with-dsym";
				ENABLE_NS_ASSERTIONS = NO;
				ENABLE_STRICT_OBJC_MSGSEND = YES;
				GCC_C_LANGUAGE_STANDARD = gnu11;
				GCC_NO_COMMON_BLOCKS = YES;
				GCC_WARN_64_TO_32_BIT_CONVERSION = YES;
				GCC_WARN_ABOUT_RETURN_TYPE = YES_ERROR;
				GCC_WARN_UNDECLARED_SELECTOR = YES;
				GCC_WARN_UNINITIALIZED_AUTOS = YES_AGGRESSIVE;
				GCC_WARN_UNUSED_FUNCTION = YES;
				GCC_WARN_UNUSED_VARIABLE = YES;
				MTL_ENABLE_DEBUG_INFO = NO;
				MTL_FAST_MATH = YES;
				PRODUCT_BUNDLE_IDENTIFIER = com.wafflestudio.babble;
				SDKROOT = iphoneos;
				SWIFT_COMPILATION_MODE = wholemodule;
				SWIFT_OPTIMIZATION_LEVEL = "-O";
			};
			name = Release;
		};
		4E6A10232B750B7E00DDF754 /* Debug */ = {
			isa = XCBuildConfiguration;
			baseConfigurationReference = 0B7F1FD0997F95AE49F8D450 /* Pods-babble.debug.xcconfig */;
			buildSettings = {
				ASSETCATALOG_COMPILER_APPICON_NAME = AppIcon;
				ASSETCATALOG_COMPILER_GLOBAL_ACCENT_COLOR_NAME = AccentColor;
				CODE_SIGN_ENTITLEMENTS = babble/babble.entitlements;
				CODE_SIGN_STYLE = Automatic;
				CURRENT_PROJECT_VERSION = 1;
				DEVELOPMENT_ASSET_PATHS = "\"babble/Preview Content\"";
				DEVELOPMENT_TEAM = ZHQQM4M49J;
				ENABLE_PREVIEWS = YES;
				GENERATE_INFOPLIST_FILE = YES;
				INFOPLIST_FILE = babble/Info.plist;
				INFOPLIST_KEY_NSLocationAlwaysAndWhenInUseUsageDescription = test;
				INFOPLIST_KEY_NSLocationWhenInUseUsageDescription = test;
				INFOPLIST_KEY_UIApplicationSceneManifest_Generation = YES;
				"INFOPLIST_KEY_UIApplicationSceneManifest_Generation[sdk=iphoneos*]" = YES;
				"INFOPLIST_KEY_UIApplicationSceneManifest_Generation[sdk=iphonesimulator*]" = YES;
				INFOPLIST_KEY_UIApplicationSupportsIndirectInputEvents = YES;
				"INFOPLIST_KEY_UIApplicationSupportsIndirectInputEvents[sdk=iphoneos*]" = YES;
				"INFOPLIST_KEY_UIApplicationSupportsIndirectInputEvents[sdk=iphonesimulator*]" = YES;
				INFOPLIST_KEY_UILaunchScreen_Generation = YES;
				"INFOPLIST_KEY_UILaunchScreen_Generation[sdk=iphoneos*]" = YES;
				"INFOPLIST_KEY_UILaunchScreen_Generation[sdk=iphonesimulator*]" = YES;
				INFOPLIST_KEY_UIStatusBarStyle = UIStatusBarStyleDefault;
				"INFOPLIST_KEY_UIStatusBarStyle[sdk=iphoneos*]" = UIStatusBarStyleDefault;
				"INFOPLIST_KEY_UIStatusBarStyle[sdk=iphonesimulator*]" = UIStatusBarStyleDefault;
				INFOPLIST_KEY_UISupportedInterfaceOrientations_iPad = "UIInterfaceOrientationPortrait UIInterfaceOrientationPortraitUpsideDown UIInterfaceOrientationLandscapeLeft UIInterfaceOrientationLandscapeRight";
				INFOPLIST_KEY_UISupportedInterfaceOrientations_iPhone = "UIInterfaceOrientationPortrait UIInterfaceOrientationLandscapeLeft UIInterfaceOrientationLandscapeRight";
				IPHONEOS_DEPLOYMENT_TARGET = 17.1;
				MACOSX_DEPLOYMENT_TARGET = 13.3;
				MARKETING_VERSION = 1.0;
				PRODUCT_BUNDLE_IDENTIFIER = com.wafflestudio.babble.deploy;
				PRODUCT_NAME = "$(TARGET_NAME)";
				SDKROOT = iphoneos;
				SUPPORTED_PLATFORMS = "iphonesimulator iphoneos";
				SWIFT_EMIT_LOC_STRINGS = YES;
				SWIFT_VERSION = 5.0;
				TARGETED_DEVICE_FAMILY = "1,2";
			};
			name = Debug;
		};
		4E6A10242B750B7E00DDF754 /* Release */ = {
			isa = XCBuildConfiguration;
			baseConfigurationReference = 0EE07D0D0B7DEF47B63C1CEF /* Pods-babble.release.xcconfig */;
			buildSettings = {
				ASSETCATALOG_COMPILER_APPICON_NAME = AppIcon;
				ASSETCATALOG_COMPILER_GLOBAL_ACCENT_COLOR_NAME = AccentColor;
				CODE_SIGN_ENTITLEMENTS = babble/babble.entitlements;
				CODE_SIGN_STYLE = Automatic;
				CURRENT_PROJECT_VERSION = 1;
				DEVELOPMENT_ASSET_PATHS = "\"babble/Preview Content\"";
				DEVELOPMENT_TEAM = ZHQQM4M49J;
				ENABLE_PREVIEWS = YES;
				GENERATE_INFOPLIST_FILE = YES;
				INFOPLIST_FILE = babble/Info.plist;
				INFOPLIST_KEY_NSLocationAlwaysAndWhenInUseUsageDescription = test;
				INFOPLIST_KEY_NSLocationWhenInUseUsageDescription = test;
				INFOPLIST_KEY_UIApplicationSceneManifest_Generation = YES;
				"INFOPLIST_KEY_UIApplicationSceneManifest_Generation[sdk=iphoneos*]" = YES;
				"INFOPLIST_KEY_UIApplicationSceneManifest_Generation[sdk=iphonesimulator*]" = YES;
				INFOPLIST_KEY_UIApplicationSupportsIndirectInputEvents = YES;
				"INFOPLIST_KEY_UIApplicationSupportsIndirectInputEvents[sdk=iphoneos*]" = YES;
				"INFOPLIST_KEY_UIApplicationSupportsIndirectInputEvents[sdk=iphonesimulator*]" = YES;
				INFOPLIST_KEY_UILaunchScreen_Generation = YES;
				"INFOPLIST_KEY_UILaunchScreen_Generation[sdk=iphoneos*]" = YES;
				"INFOPLIST_KEY_UILaunchScreen_Generation[sdk=iphonesimulator*]" = YES;
				INFOPLIST_KEY_UIStatusBarStyle = UIStatusBarStyleDefault;
				"INFOPLIST_KEY_UIStatusBarStyle[sdk=iphoneos*]" = UIStatusBarStyleDefault;
				"INFOPLIST_KEY_UIStatusBarStyle[sdk=iphonesimulator*]" = UIStatusBarStyleDefault;
				INFOPLIST_KEY_UISupportedInterfaceOrientations_iPad = "UIInterfaceOrientationPortrait UIInterfaceOrientationPortraitUpsideDown UIInterfaceOrientationLandscapeLeft UIInterfaceOrientationLandscapeRight";
				INFOPLIST_KEY_UISupportedInterfaceOrientations_iPhone = "UIInterfaceOrientationPortrait UIInterfaceOrientationLandscapeLeft UIInterfaceOrientationLandscapeRight";
				IPHONEOS_DEPLOYMENT_TARGET = 17.1;
				MACOSX_DEPLOYMENT_TARGET = 13.3;
				MARKETING_VERSION = 1.0;
				PRODUCT_BUNDLE_IDENTIFIER = com.wafflestudio.babble.deploy;
				PRODUCT_NAME = "$(TARGET_NAME)";
				SDKROOT = iphoneos;
				SUPPORTED_PLATFORMS = "iphonesimulator iphoneos";
				SWIFT_EMIT_LOC_STRINGS = YES;
				SWIFT_VERSION = 5.0;
				TARGETED_DEVICE_FAMILY = "1,2";
			};
			name = Release;
		};
		4E6A10262B750B7E00DDF754 /* Debug */ = {
			isa = XCBuildConfiguration;
			buildSettings = {
				ALWAYS_EMBED_SWIFT_STANDARD_LIBRARIES = YES;
				BUNDLE_LOADER = "$(TEST_HOST)";
				CODE_SIGN_STYLE = Automatic;
				CURRENT_PROJECT_VERSION = 1;
				GENERATE_INFOPLIST_FILE = YES;
				IPHONEOS_DEPLOYMENT_TARGET = 16.4;
				MACOSX_DEPLOYMENT_TARGET = 13.3;
				MARKETING_VERSION = 1.0;
				PRODUCT_BUNDLE_IDENTIFIER = wafflestudio.babbleTests;
				PRODUCT_NAME = "$(TARGET_NAME)";
				SDKROOT = auto;
				SUPPORTED_PLATFORMS = "iphoneos iphonesimulator macosx";
				SWIFT_EMIT_LOC_STRINGS = NO;
				SWIFT_VERSION = 5.0;
				TARGETED_DEVICE_FAMILY = "1,2";
				TEST_HOST = "$(BUILT_PRODUCTS_DIR)/babble.app/$(BUNDLE_EXECUTABLE_FOLDER_PATH)/babble";
			};
			name = Debug;
		};
		4E6A10272B750B7E00DDF754 /* Release */ = {
			isa = XCBuildConfiguration;
			buildSettings = {
				ALWAYS_EMBED_SWIFT_STANDARD_LIBRARIES = YES;
				BUNDLE_LOADER = "$(TEST_HOST)";
				CODE_SIGN_STYLE = Automatic;
				CURRENT_PROJECT_VERSION = 1;
				GENERATE_INFOPLIST_FILE = YES;
				IPHONEOS_DEPLOYMENT_TARGET = 16.4;
				MACOSX_DEPLOYMENT_TARGET = 13.3;
				MARKETING_VERSION = 1.0;
				PRODUCT_BUNDLE_IDENTIFIER = wafflestudio.babbleTests;
				PRODUCT_NAME = "$(TARGET_NAME)";
				SDKROOT = auto;
				SUPPORTED_PLATFORMS = "iphoneos iphonesimulator macosx";
				SWIFT_EMIT_LOC_STRINGS = NO;
				SWIFT_VERSION = 5.0;
				TARGETED_DEVICE_FAMILY = "1,2";
				TEST_HOST = "$(BUILT_PRODUCTS_DIR)/babble.app/$(BUNDLE_EXECUTABLE_FOLDER_PATH)/babble";
			};
			name = Release;
		};
		4E6A10292B750B7E00DDF754 /* Debug */ = {
			isa = XCBuildConfiguration;
			buildSettings = {
				ALWAYS_EMBED_SWIFT_STANDARD_LIBRARIES = YES;
				CODE_SIGN_STYLE = Automatic;
				CURRENT_PROJECT_VERSION = 1;
				GENERATE_INFOPLIST_FILE = YES;
				IPHONEOS_DEPLOYMENT_TARGET = 16.4;
				MACOSX_DEPLOYMENT_TARGET = 13.3;
				MARKETING_VERSION = 1.0;
				PRODUCT_BUNDLE_IDENTIFIER = wafflestudio.babbleUITests;
				PRODUCT_NAME = "$(TARGET_NAME)";
				SDKROOT = auto;
				SUPPORTED_PLATFORMS = "iphoneos iphonesimulator macosx";
				SWIFT_EMIT_LOC_STRINGS = NO;
				SWIFT_VERSION = 5.0;
				TARGETED_DEVICE_FAMILY = "1,2";
				TEST_TARGET_NAME = babble;
			};
			name = Debug;
		};
		4E6A102A2B750B7E00DDF754 /* Release */ = {
			isa = XCBuildConfiguration;
			buildSettings = {
				ALWAYS_EMBED_SWIFT_STANDARD_LIBRARIES = YES;
				CODE_SIGN_STYLE = Automatic;
				CURRENT_PROJECT_VERSION = 1;
				GENERATE_INFOPLIST_FILE = YES;
				IPHONEOS_DEPLOYMENT_TARGET = 16.4;
				MACOSX_DEPLOYMENT_TARGET = 13.3;
				MARKETING_VERSION = 1.0;
				PRODUCT_BUNDLE_IDENTIFIER = wafflestudio.babbleUITests;
				PRODUCT_NAME = "$(TARGET_NAME)";
				SDKROOT = auto;
				SUPPORTED_PLATFORMS = "iphoneos iphonesimulator macosx";
				SWIFT_EMIT_LOC_STRINGS = NO;
				SWIFT_VERSION = 5.0;
				TARGETED_DEVICE_FAMILY = "1,2";
				TEST_TARGET_NAME = babble;
			};
			name = Release;
		};
/* End XCBuildConfiguration section */

/* Begin XCConfigurationList section */
		4E6A0FF82B750B7D00DDF754 /* Build configuration list for PBXProject "babble" */ = {
			isa = XCConfigurationList;
			buildConfigurations = (
				4E6A10202B750B7E00DDF754 /* Debug */,
				4E6A10212B750B7E00DDF754 /* Release */,
			);
			defaultConfigurationIsVisible = 0;
			defaultConfigurationName = Release;
		};
		4E6A10222B750B7E00DDF754 /* Build configuration list for PBXNativeTarget "babble" */ = {
			isa = XCConfigurationList;
			buildConfigurations = (
				4E6A10232B750B7E00DDF754 /* Debug */,
				4E6A10242B750B7E00DDF754 /* Release */,
			);
			defaultConfigurationIsVisible = 0;
			defaultConfigurationName = Release;
		};
		4E6A10252B750B7E00DDF754 /* Build configuration list for PBXNativeTarget "babbleTests" */ = {
			isa = XCConfigurationList;
			buildConfigurations = (
				4E6A10262B750B7E00DDF754 /* Debug */,
				4E6A10272B750B7E00DDF754 /* Release */,
			);
			defaultConfigurationIsVisible = 0;
			defaultConfigurationName = Release;
		};
		4E6A10282B750B7E00DDF754 /* Build configuration list for PBXNativeTarget "babbleUITests" */ = {
			isa = XCConfigurationList;
			buildConfigurations = (
				4E6A10292B750B7E00DDF754 /* Debug */,
				4E6A102A2B750B7E00DDF754 /* Release */,
			);
			defaultConfigurationIsVisible = 0;
			defaultConfigurationName = Release;
		};
/* End XCConfigurationList section */
	};
	rootObject = 4E6A0FF52B750B7D00DDF754 /* Project object */;
}
